
Microsoft Visual Studio Solution File, Format Version 12.00
# Visual Studio Version 17
VisualStudioVersion = 17.0.31903.59
MinimumVisualStudioVersion = 10.0.40219.1
Project("{FAE04EC0-301F-11D3-BF4B-00C04F79EFBC}") = "LoadBalancing.Api", "LoadBalancing.Api\LoadBalancing.Api.csproj", "{FE3E1ECB-F119-4837-BFFE-33EFFAF32DF0}"
EndProject
Project("{E53339B2-1760-4266-BCC7-CA923CBCF16C}") = "docker-compose", "docker-compose.dcproj", "{81DDED9D-158B-E303-5F62-77A2896D2A5A}"
EndProject
Project("{FAE04EC0-301F-11D3-BF4B-00C04F79EFBC}") = "LoadBalancing.Yarp", "LoadBalancing.Yarp\LoadBalancing.Yarp.csproj", "{855FE387-480E-4067-AB26-BCE7CB7DB602}"
EndProject
Project("{2150E333-8FDC-42A3-9474-1A3956D46DE8}") = "Solution Items", "Solution Items", "{8EC462FD-D22E-90A8-E5CE-7E832BA40C5D}"
	ProjectSection(SolutionItems) = preProject
		.dockerignore = .dockerignore
		.gitignore = .gitignore
	EndProjectSection
EndProject
Global
	GlobalSection(SolutionConfigurationPlatforms) = preSolution
		Debug|Any CPU = Debug|Any CPU
		Release|Any CPU = Release|Any CPU
	EndGlobalSection
	GlobalSection(ProjectConfigurationPlatforms) = postSolution
		{FE3E1ECB-F119-4837-BFFE-33EFFAF32DF0}.Debug|Any CPU.ActiveCfg = Debug|Any CPU
		{FE3E1ECB-F119-4837-BFFE-33EFFAF32DF0}.Debug|Any CPU.Build.0 = Debug|Any CPU
		{FE3E1ECB-F119-4837-BFFE-33EFFAF32DF0}.Release|Any CPU.ActiveCfg = Release|Any CPU
		{FE3E1ECB-F119-4837-BFFE-33EFFAF32DF0}.Release|Any CPU.Build.0 = Release|Any CPU
		{81DDED9D-158B-E303-5F62-77A2896D2A5A}.Debug|Any CPU.ActiveCfg = Debug|Any CPU
		{81DDED9D-158B-E303-5F62-77A2896D2A5A}.Debug|Any CPU.Build.0 = Debug|Any CPU
		{81DDED9D-158B-E303-5F62-77A2896D2A5A}.Release|Any CPU.ActiveCfg = Release|Any CPU
		{81DDED9D-158B-E303-5F62-77A2896D2A5A}.Release|Any CPU.Build.0 = Release|Any CPU
		{855FE387-480E-4067-AB26-BCE7CB7DB602}.Debug|Any CPU.ActiveCfg = Debug|Any CPU
		{855FE387-480E-4067-AB26-BCE7CB7DB602}.Debug|Any CPU.Build.0 = Debug|Any CPU
		{855FE387-480E-4067-AB26-BCE7CB7DB602}.Release|Any CPU.ActiveCfg = Release|Any CPU
		{855FE387-480E-4067-AB26-BCE7CB7DB602}.Release|Any CPU.Build.0 = Release|Any CPU
	EndGlobalSection
	GlobalSection(SolutionProperties) = preSolution
		HideSolutionNode = FALSE
	EndGlobalSection
	GlobalSection(ExtensibilityGlobals) = postSolution
		SolutionGuid = {414CB898-989B-498F-A9D9-322CAE63660E}
	EndGlobalSection
EndGlobal
